
Microsoft Visual Studio Solution File, Format Version 12.00
# Visual Studio Version 17
VisualStudioVersion = 17.4.33205.214
MinimumVisualStudioVersion = 10.0.40219.1
Project("{2150E333-8FDC-42A3-9474-1A3956D46DE8}") = "src", "src", "{487CC118-042B-4BE4-95E5-C172D3F224B1}"
EndProject
Project("{2150E333-8FDC-42A3-9474-1A3956D46DE8}") = "ApiGateways", "ApiGateways", "{C2A0AB29-7C57-4F50-B7DB-37C12DCD333F}"
EndProject
Project("{2150E333-8FDC-42A3-9474-1A3956D46DE8}") = "WebApiGateway", "WebApiGateway", "{9E671420-60F3-48B2-8228-54AD538E6B23}"
EndProject
Project("{2150E333-8FDC-42A3-9474-1A3956D46DE8}") = "BuildingBlocks", "BuildingBlocks", "{0486577C-C224-44F5-B1D1-BB0D698815F1}"
EndProject
Project("{2150E333-8FDC-42A3-9474-1A3956D46DE8}") = "EventBus", "EventBus", "{81CC73C5-67B0-479C-A7E8-D86FAFA55EEB}"
EndProject
Project("{2150E333-8FDC-42A3-9474-1A3956D46DE8}") = "Clients", "Clients", "{4FC6868D-1167-4386-BBBC-4FCA3DCF2FE6}"
EndProject
Project("{2150E333-8FDC-42A3-9474-1A3956D46DE8}") = "Services", "Services", "{A406E23D-A0A7-4633-9034-4737AE88421A}"
EndProject
Project("{9A19103F-16F7-4668-BE54-9A1E7A4F7556}") = "Web.ApiGateway", "src\ApiGateways\Web.ApiGateway\Web.ApiGateway.csproj", "{39F6EAB3-1EEE-42B7-B6D2-76495DCC8F8F}"
EndProject
Project("{9A19103F-16F7-4668-BE54-9A1E7A4F7556}") = "EventBus.Factory", "src\BuildingBlocks\EventBus\EventBus.Factory\EventBus.Factory.csproj", "{4DBC5FA4-4051-4F7A-A9C9-6EF456C2FDE5}"
EndProject
Project("{9A19103F-16F7-4668-BE54-9A1E7A4F7556}") = "EventBus.AzureServiceBus", "src\BuildingBlocks\EventBus\EventBus.AzureServiceBus\EventBus.AzureServiceBus.csproj", "{3C141D21-B9EE-46E8-BAEC-C48CA51D6328}"
EndProject
Project("{9A19103F-16F7-4668-BE54-9A1E7A4F7556}") = "EventBus.RabbitMQ", "src\BuildingBlocks\EventBus\EventBus.RabbitMQ\EventBus.RabbitMQ.csproj", "{F7DCD42B-96CA-42F0-B6D1-7B5570456610}"
EndProject
Project("{2150E333-8FDC-42A3-9474-1A3956D46DE8}") = "WebApp", "WebApp", "{C66C680F-F43B-4B2B-9CFC-67965085AEA7}"
EndProject
Project("{9A19103F-16F7-4668-BE54-9A1E7A4F7556}") = "WebApplication", "src\BuildingBlocks\Clients\WebApp\WebApplication\WebApplication.csproj", "{B1EBE50D-553B-48E6-97B2-298E10178DA6}"
EndProject
Project("{2150E333-8FDC-42A3-9474-1A3956D46DE8}") = "BasketService", "BasketService", "{119A1B52-99AE-4160-84FC-F35CF4B395EC}"
EndProject
Project("{9A19103F-16F7-4668-BE54-9A1E7A4F7556}") = "BasketService.Api", "src\BuildingBlocks\Services\BasketService\BasketService.Api\BasketService.Api.csproj", "{26A70F8D-D213-4ED9-885A-2FB8499D34A7}"
EndProject
Project("{2150E333-8FDC-42A3-9474-1A3956D46DE8}") = "CatalogService", "CatalogService", "{492537E2-3069-48B3-B807-0C11131B3200}"
EndProject
Project("{9A19103F-16F7-4668-BE54-9A1E7A4F7556}") = "CatalogService.Api", "src\BuildingBlocks\Services\CatalogService\CatalogService.Api\CatalogService.Api.csproj", "{F0807D25-BC3A-4A05-A743-C480A294EA8A}"
EndProject
Project("{2150E333-8FDC-42A3-9474-1A3956D46DE8}") = "IdentityService", "IdentityService", "{36A189AA-F012-4843-88A9-0AF57A088662}"
EndProject
Project("{2150E333-8FDC-42A3-9474-1A3956D46DE8}") = "NotificationService", "NotificationService", "{E652C1D4-F0EE-4AA7-82EC-8889B156527C}"
EndProject
Project("{9A19103F-16F7-4668-BE54-9A1E7A4F7556}") = "NotificationService", "src\BuildingBlocks\Services\NotificationService\NotificationService\NotificationService.csproj", "{03B766B2-418E-4328-B6D0-44DDA63583DA}"
EndProject
Project("{2150E333-8FDC-42A3-9474-1A3956D46DE8}") = "OrderService", "OrderService", "{7D966A48-3463-4B1A-BA56-B75752B434EE}"
EndProject
Project("{9A19103F-16F7-4668-BE54-9A1E7A4F7556}") = "OrderService.Domain", "src\BuildingBlocks\Services\OrderService\OrderService.Domain\OrderService.Domain.csproj", "{C1F074E6-AC94-41A5-91BE-F71704CE8925}"
EndProject
Project("{9A19103F-16F7-4668-BE54-9A1E7A4F7556}") = "OrderService.Api", "src\BuildingBlocks\Services\OrderService\OrderService.Api\OrderService.Api.csproj", "{E0B575A3-DBFF-49E2-A868-297E3DE71C09}"
EndProject
Project("{2150E333-8FDC-42A3-9474-1A3956D46DE8}") = "PaymentService", "PaymentService", "{4FC17AB6-F3E0-4838-9CB4-2CB7799A405E}"
EndProject
Project("{9A19103F-16F7-4668-BE54-9A1E7A4F7556}") = "PaymentService.Api", "src\BuildingBlocks\Services\PaymentService\PaymentService.Api\PaymentService.Api.csproj", "{5420A6D2-8467-4431-844C-3BB0C1C5C892}"
EndProject
Project("{9A19103F-16F7-4668-BE54-9A1E7A4F7556}") = "OrderService.Application", "src\BuildingBlocks\Services\OrderService\OrderService.Application\OrderService.Application.csproj", "{D5336D12-12B8-40EC-9E4B-66AEB2B18B4A}"
EndProject
Project("{9A19103F-16F7-4668-BE54-9A1E7A4F7556}") = "OrderService.Infrastructure", "src\BuildingBlocks\Services\OrderService\OrderService.Infrastructure\OrderService.Infrastructure.csproj", "{F7FD2974-1200-4522-A8A4-E70ABC407CF8}"
EndProject
Project("{9A19103F-16F7-4668-BE54-9A1E7A4F7556}") = "EventBus.Base", "src\BuildingBlocks\EventBus\EventBus.Base\EventBus.Base.csproj", "{078B42E7-47CD-42A2-8DF7-015FE7D7EAA2}"
EndProject
Project("{2150E333-8FDC-42A3-9474-1A3956D46DE8}") = "docker-compose-files", "docker-compose-files", "{69FC6282-7DDD-4BCF-BCC7-F338E3384E8F}"
EndProject
Project("{2150E333-8FDC-42A3-9474-1A3956D46DE8}") = "rabbitmq", "rabbitmq", "{5CF35334-9FBE-4280-9983-FCDD8822D449}"
EndProject
Project("{2150E333-8FDC-42A3-9474-1A3956D46DE8}") = "consul", "consul", "{D514EE13-30F1-4938-83DB-C15092E81C1D}"
	ProjectSection(SolutionItems) = preProject
		docker-compose-yml\consul\docker-compose.yml = docker-compose-yml\consul\docker-compose.yml
	EndProjectSection
EndProject
Project("{2150E333-8FDC-42A3-9474-1A3956D46DE8}") = "redis", "redis", "{FE563285-3241-4E1A-8060-2525673641DC}"
	ProjectSection(SolutionItems) = preProject
		docker-compose-yml\redis\docker-compose.yml = docker-compose-yml\redis\docker-compose.yml
	EndProjectSection
EndProject
Project("{2150E333-8FDC-42A3-9474-1A3956D46DE8}") = "sqlserver", "sqlserver", "{A47365DE-C543-4269-B360-B63D537B8574}"
	ProjectSection(SolutionItems) = preProject
		docker-compose.yml = docker-compose.yml
	EndProjectSection
EndProject
Project("{2150E333-8FDC-42A3-9474-1A3956D46DE8}") = "Solution Items", "Solution Items", "{83EB0345-0B3E-41A7-8973-39D53FD7FF46}"
	ProjectSection(SolutionItems) = preProject
		ServiceUrls.txt = ServiceUrls.txt
	EndProjectSection
EndProject
Project("{9A19103F-16F7-4668-BE54-9A1E7A4F7556}") = "IdenityService.Api", "src\BuildingBlocks\Services\IdentityService\IdenityService.Api\IdenityService.Api.csproj", "{0575711D-E792-430A-9D68-4C49968F8AE8}"
EndProject
Global
	GlobalSection(SolutionConfigurationPlatforms) = preSolution
		Debug|Any CPU = Debug|Any CPU
		Release|Any CPU = Release|Any CPU
	EndGlobalSection
	GlobalSection(ProjectConfigurationPlatforms) = postSolution
		{39F6EAB3-1EEE-42B7-B6D2-76495DCC8F8F}.Debug|Any CPU.ActiveCfg = Debug|Any CPU
		{39F6EAB3-1EEE-42B7-B6D2-76495DCC8F8F}.Debug|Any CPU.Build.0 = Debug|Any CPU
		{39F6EAB3-1EEE-42B7-B6D2-76495DCC8F8F}.Release|Any CPU.ActiveCfg = Release|Any CPU
		{39F6EAB3-1EEE-42B7-B6D2-76495DCC8F8F}.Release|Any CPU.Build.0 = Release|Any CPU
		{4DBC5FA4-4051-4F7A-A9C9-6EF456C2FDE5}.Debug|Any CPU.ActiveCfg = Debug|Any CPU
		{4DBC5FA4-4051-4F7A-A9C9-6EF456C2FDE5}.Debug|Any CPU.Build.0 = Debug|Any CPU
		{4DBC5FA4-4051-4F7A-A9C9-6EF456C2FDE5}.Release|Any CPU.ActiveCfg = Release|Any CPU
		{4DBC5FA4-4051-4F7A-A9C9-6EF456C2FDE5}.Release|Any CPU.Build.0 = Release|Any CPU
		{3C141D21-B9EE-46E8-BAEC-C48CA51D6328}.Debug|Any CPU.ActiveCfg = Debug|Any CPU
		{3C141D21-B9EE-46E8-BAEC-C48CA51D6328}.Debug|Any CPU.Build.0 = Debug|Any CPU
		{3C141D21-B9EE-46E8-BAEC-C48CA51D6328}.Release|Any CPU.ActiveCfg = Release|Any CPU
		{3C141D21-B9EE-46E8-BAEC-C48CA51D6328}.Release|Any CPU.Build.0 = Release|Any CPU
		{F7DCD42B-96CA-42F0-B6D1-7B5570456610}.Debug|Any CPU.ActiveCfg = Debug|Any CPU
		{F7DCD42B-96CA-42F0-B6D1-7B5570456610}.Debug|Any CPU.Build.0 = Debug|Any CPU
		{F7DCD42B-96CA-42F0-B6D1-7B5570456610}.Release|Any CPU.ActiveCfg = Release|Any CPU
		{F7DCD42B-96CA-42F0-B6D1-7B5570456610}.Release|Any CPU.Build.0 = Release|Any CPU
		{B1EBE50D-553B-48E6-97B2-298E10178DA6}.Debug|Any CPU.ActiveCfg = Debug|Any CPU
		{B1EBE50D-553B-48E6-97B2-298E10178DA6}.Debug|Any CPU.Build.0 = Debug|Any CPU
		{B1EBE50D-553B-48E6-97B2-298E10178DA6}.Release|Any CPU.ActiveCfg = Release|Any CPU
		{B1EBE50D-553B-48E6-97B2-298E10178DA6}.Release|Any CPU.Build.0 = Release|Any CPU
		{26A70F8D-D213-4ED9-885A-2FB8499D34A7}.Debug|Any CPU.ActiveCfg = Debug|Any CPU
		{26A70F8D-D213-4ED9-885A-2FB8499D34A7}.Debug|Any CPU.Build.0 = Debug|Any CPU
		{26A70F8D-D213-4ED9-885A-2FB8499D34A7}.Release|Any CPU.ActiveCfg = Release|Any CPU
		{26A70F8D-D213-4ED9-885A-2FB8499D34A7}.Release|Any CPU.Build.0 = Release|Any CPU
		{F0807D25-BC3A-4A05-A743-C480A294EA8A}.Debug|Any CPU.ActiveCfg = Debug|Any CPU
		{F0807D25-BC3A-4A05-A743-C480A294EA8A}.Debug|Any CPU.Build.0 = Debug|Any CPU
		{F0807D25-BC3A-4A05-A743-C480A294EA8A}.Release|Any CPU.ActiveCfg = Release|Any CPU
		{F0807D25-BC3A-4A05-A743-C480A294EA8A}.Release|Any CPU.Build.0 = Release|Any CPU
		{03B766B2-418E-4328-B6D0-44DDA63583DA}.Debug|Any CPU.ActiveCfg = Debug|Any CPU
		{03B766B2-418E-4328-B6D0-44DDA63583DA}.Debug|Any CPU.Build.0 = Debug|Any CPU
		{03B766B2-418E-4328-B6D0-44DDA63583DA}.Release|Any CPU.ActiveCfg = Release|Any CPU
		{03B766B2-418E-4328-B6D0-44DDA63583DA}.Release|Any CPU.Build.0 = Release|Any CPU
		{C1F074E6-AC94-41A5-91BE-F71704CE8925}.Debug|Any CPU.ActiveCfg = Debug|Any CPU
		{C1F074E6-AC94-41A5-91BE-F71704CE8925}.Debug|Any CPU.Build.0 = Debug|Any CPU
		{C1F074E6-AC94-41A5-91BE-F71704CE8925}.Release|Any CPU.ActiveCfg = Release|Any CPU
		{C1F074E6-AC94-41A5-91BE-F71704CE8925}.Release|Any CPU.Build.0 = Release|Any CPU
		{E0B575A3-DBFF-49E2-A868-297E3DE71C09}.Debug|Any CPU.ActiveCfg = Debug|Any CPU
		{E0B575A3-DBFF-49E2-A868-297E3DE71C09}.Debug|Any CPU.Build.0 = Debug|Any CPU
		{E0B575A3-DBFF-49E2-A868-297E3DE71C09}.Release|Any CPU.ActiveCfg = Release|Any CPU
		{E0B575A3-DBFF-49E2-A868-297E3DE71C09}.Release|Any CPU.Build.0 = Release|Any CPU
		{5420A6D2-8467-4431-844C-3BB0C1C5C892}.Debug|Any CPU.ActiveCfg = Debug|Any CPU
		{5420A6D2-8467-4431-844C-3BB0C1C5C892}.Debug|Any CPU.Build.0 = Debug|Any CPU
		{5420A6D2-8467-4431-844C-3BB0C1C5C892}.Release|Any CPU.ActiveCfg = Release|Any CPU
		{5420A6D2-8467-4431-844C-3BB0C1C5C892}.Release|Any CPU.Build.0 = Release|Any CPU
		{D5336D12-12B8-40EC-9E4B-66AEB2B18B4A}.Debug|Any CPU.ActiveCfg = Debug|Any CPU
		{D5336D12-12B8-40EC-9E4B-66AEB2B18B4A}.Debug|Any CPU.Build.0 = Debug|Any CPU
		{D5336D12-12B8-40EC-9E4B-66AEB2B18B4A}.Release|Any CPU.ActiveCfg = Release|Any CPU
		{D5336D12-12B8-40EC-9E4B-66AEB2B18B4A}.Release|Any CPU.Build.0 = Release|Any CPU
		{F7FD2974-1200-4522-A8A4-E70ABC407CF8}.Debug|Any CPU.ActiveCfg = Debug|Any CPU
		{F7FD2974-1200-4522-A8A4-E70ABC407CF8}.Debug|Any CPU.Build.0 = Debug|Any CPU
		{F7FD2974-1200-4522-A8A4-E70ABC407CF8}.Release|Any CPU.ActiveCfg = Release|Any CPU
		{F7FD2974-1200-4522-A8A4-E70ABC407CF8}.Release|Any CPU.Build.0 = Release|Any CPU
		{078B42E7-47CD-42A2-8DF7-015FE7D7EAA2}.Debug|Any CPU.ActiveCfg = Debug|Any CPU
		{078B42E7-47CD-42A2-8DF7-015FE7D7EAA2}.Debug|Any CPU.Build.0 = Debug|Any CPU
		{078B42E7-47CD-42A2-8DF7-015FE7D7EAA2}.Release|Any CPU.ActiveCfg = Release|Any CPU
		{078B42E7-47CD-42A2-8DF7-015FE7D7EAA2}.Release|Any CPU.Build.0 = Release|Any CPU
		{0575711D-E792-430A-9D68-4C49968F8AE8}.Debug|Any CPU.ActiveCfg = Debug|Any CPU
		{0575711D-E792-430A-9D68-4C49968F8AE8}.Debug|Any CPU.Build.0 = Debug|Any CPU
		{0575711D-E792-430A-9D68-4C49968F8AE8}.Release|Any CPU.ActiveCfg = Release|Any CPU
		{0575711D-E792-430A-9D68-4C49968F8AE8}.Release|Any CPU.Build.0 = Release|Any CPU
	EndGlobalSection
	GlobalSection(SolutionProperties) = preSolution
		HideSolutionNode = FALSE
	EndGlobalSection
	GlobalSection(NestedProjects) = preSolution
		{C2A0AB29-7C57-4F50-B7DB-37C12DCD333F} = {487CC118-042B-4BE4-95E5-C172D3F224B1}
		{9E671420-60F3-48B2-8228-54AD538E6B23} = {C2A0AB29-7C57-4F50-B7DB-37C12DCD333F}
		{0486577C-C224-44F5-B1D1-BB0D698815F1} = {487CC118-042B-4BE4-95E5-C172D3F224B1}
		{81CC73C5-67B0-479C-A7E8-D86FAFA55EEB} = {0486577C-C224-44F5-B1D1-BB0D698815F1}
		{4FC6868D-1167-4386-BBBC-4FCA3DCF2FE6} = {0486577C-C224-44F5-B1D1-BB0D698815F1}
		{A406E23D-A0A7-4633-9034-4737AE88421A} = {0486577C-C224-44F5-B1D1-BB0D698815F1}
		{39F6EAB3-1EEE-42B7-B6D2-76495DCC8F8F} = {9E671420-60F3-48B2-8228-54AD538E6B23}
		{4DBC5FA4-4051-4F7A-A9C9-6EF456C2FDE5} = {81CC73C5-67B0-479C-A7E8-D86FAFA55EEB}
		{3C141D21-B9EE-46E8-BAEC-C48CA51D6328} = {81CC73C5-67B0-479C-A7E8-D86FAFA55EEB}
		{F7DCD42B-96CA-42F0-B6D1-7B5570456610} = {81CC73C5-67B0-479C-A7E8-D86FAFA55EEB}
		{C66C680F-F43B-4B2B-9CFC-67965085AEA7} = {4FC6868D-1167-4386-BBBC-4FCA3DCF2FE6}
		{B1EBE50D-553B-48E6-97B2-298E10178DA6} = {C66C680F-F43B-4B2B-9CFC-67965085AEA7}
		{119A1B52-99AE-4160-84FC-F35CF4B395EC} = {A406E23D-A0A7-4633-9034-4737AE88421A}
		{26A70F8D-D213-4ED9-885A-2FB8499D34A7} = {119A1B52-99AE-4160-84FC-F35CF4B395EC}
		{492537E2-3069-48B3-B807-0C11131B3200} = {A406E23D-A0A7-4633-9034-4737AE88421A}
		{F0807D25-BC3A-4A05-A743-C480A294EA8A} = {492537E2-3069-48B3-B807-0C11131B3200}
		{36A189AA-F012-4843-88A9-0AF57A088662} = {A406E23D-A0A7-4633-9034-4737AE88421A}
		{E652C1D4-F0EE-4AA7-82EC-8889B156527C} = {A406E23D-A0A7-4633-9034-4737AE88421A}
		{03B766B2-418E-4328-B6D0-44DDA63583DA} = {E652C1D4-F0EE-4AA7-82EC-8889B156527C}
		{7D966A48-3463-4B1A-BA56-B75752B434EE} = {A406E23D-A0A7-4633-9034-4737AE88421A}
		{C1F074E6-AC94-41A5-91BE-F71704CE8925} = {7D966A48-3463-4B1A-BA56-B75752B434EE}
		{E0B575A3-DBFF-49E2-A868-297E3DE71C09} = {7D966A48-3463-4B1A-BA56-B75752B434EE}
		{4FC17AB6-F3E0-4838-9CB4-2CB7799A405E} = {A406E23D-A0A7-4633-9034-4737AE88421A}
		{5420A6D2-8467-4431-844C-3BB0C1C5C892} = {4FC17AB6-F3E0-4838-9CB4-2CB7799A405E}
		{D5336D12-12B8-40EC-9E4B-66AEB2B18B4A} = {7D966A48-3463-4B1A-BA56-B75752B434EE}
		{F7FD2974-1200-4522-A8A4-E70ABC407CF8} = {7D966A48-3463-4B1A-BA56-B75752B434EE}
		{078B42E7-47CD-42A2-8DF7-015FE7D7EAA2} = {81CC73C5-67B0-479C-A7E8-D86FAFA55EEB}
		{5CF35334-9FBE-4280-9983-FCDD8822D449} = {69FC6282-7DDD-4BCF-BCC7-F338E3384E8F}
		{D514EE13-30F1-4938-83DB-C15092E81C1D} = {69FC6282-7DDD-4BCF-BCC7-F338E3384E8F}
		{FE563285-3241-4E1A-8060-2525673641DC} = {69FC6282-7DDD-4BCF-BCC7-F338E3384E8F}
		{A47365DE-C543-4269-B360-B63D537B8574} = {69FC6282-7DDD-4BCF-BCC7-F338E3384E8F}
		{0575711D-E792-430A-9D68-4C49968F8AE8} = {36A189AA-F012-4843-88A9-0AF57A088662}
	EndGlobalSection
	GlobalSection(ExtensibilityGlobals) = postSolution
		SolutionGuid = {1593EB35-DB8B-46F3-B19D-D9AF649E6851}
	EndGlobalSection
EndGlobal
